
Microsoft Visual Studio Solution File, Format Version 12.00
# Visual Studio Version 17
VisualStudioVersion = 17.6.33829.357
MinimumVisualStudioVersion = 10.0.40219.1
Project("{FAE04EC0-301F-11D3-BF4B-00C04F79EFBC}") = "dharmshalaAPI", "dharmshalaAPI\dharmshalaAPI.csproj", "{77B1F4A4-50FC-40CA-B2C3-4057F1109A0A}"
EndProject
Global
	GlobalSection(SolutionConfigurationPlatforms) = preSolution
		Debug|Any CPU = Debug|Any CPU
		Release|Any CPU = Release|Any CPU
	EndGlobalSection
	GlobalSection(ProjectConfigurationPlatforms) = postSolution
		{77B1F4A4-50FC-40CA-B2C3-4057F1109A0A}.Debug|Any CPU.ActiveCfg = Debug|Any CPU
		{77B1F4A4-50FC-40CA-B2C3-4057F1109A0A}.Debug|Any CPU.Build.0 = Debug|Any CPU
		{77B1F4A4-50FC-40CA-B2C3-4057F1109A0A}.Release|Any CPU.ActiveCfg = Release|Any CPU
		{77B1F4A4-50FC-40CA-B2C3-4057F1109A0A}.Release|Any CPU.Build.0 = Release|Any CPU
	EndGlobalSection
	GlobalSection(SolutionProperties) = preSolution
		HideSolutionNode = FALSE
	EndGlobalSection
	GlobalSection(ExtensibilityGlobals) = postSolution
		SolutionGuid = {24607B07-243C-4929-8A84-1593F6EDCEE5}
	EndGlobalSection
EndGlobal
